
Microsoft Visual Studio Solution File, Format Version 12.00
# Visual Studio 15
VisualStudioVersion = 15.0.27703.2035
MinimumVisualStudioVersion = 10.0.40219.1
Project("{FAE04EC0-301F-11D3-BF4B-00C04F79EFBC}") = "WindowsFormsApp1", "WindowsFormsApp1.csproj", "{3FA4AF01-08ED-4537-897B-6461BE4D6211}"
EndProject
Global
	GlobalSection(SolutionConfigurationPlatforms) = preSolution
		Debug|Any CPU = Debug|Any CPU
		Release|Any CPU = Release|Any CPU
	EndGlobalSection
	GlobalSection(ProjectConfigurationPlatforms) = postSolution
		{3FA4AF01-08ED-4537-897B-6461BE4D6211}.Debug|Any CPU.ActiveCfg = Debug|Any CPU
		{3FA4AF01-08ED-4537-897B-6461BE4D6211}.Debug|Any CPU.Build.0 = Debug|Any CPU
		{3FA4AF01-08ED-4537-897B-6461BE4D6211}.Release|Any CPU.ActiveCfg = Release|Any CPU
		{3FA4AF01-08ED-4537-897B-6461BE4D6211}.Release|Any CPU.Build.0 = Release|Any CPU
	EndGlobalSection
	GlobalSection(SolutionProperties) = preSolution
		HideSolutionNode = FALSE
	EndGlobalSection
	GlobalSection(ExtensibilityGlobals) = postSolution
		SolutionGuid = {1DBC0ED0-BB83-433D-9840-DC794651607F}
	EndGlobalSection
EndGlobal
